
Microsoft Visual Studio Solution File, Format Version 12.00
# Visual Studio Version 17
VisualStudioVersion = 17.14.36414.22
MinimumVisualStudioVersion = 10.0.40219.1
Project("{2150E333-8FDC-42A3-9474-1A3956D46DE8}") = "task0", "task0", "{02EA681E-C7D8-13C7-8484-4AC65E1B71E8}"
EndProject
Project("{2150E333-8FDC-42A3-9474-1A3956D46DE8}") = "task1", "task1", "{10BE334C-3DC0-4526-869B-A9197004C146}"
EndProject
Project("{2150E333-8FDC-42A3-9474-1A3956D46DE8}") = "task2", "task2", "{9D208C30-E03F-4C63-8159-A3AB5B94CCB0}"
EndProject
Project("{2150E333-8FDC-42A3-9474-1A3956D46DE8}") = "task3", "task3", "{B07F3CE3-5CB6-43F6-A325-BAF3E89A08AF}"
EndProject
Project("{2150E333-8FDC-42A3-9474-1A3956D46DE8}") = "task4", "task4", "{303BB003-BAFF-443F-A759-781FF8863063}"
EndProject
Project("{2150E333-8FDC-42A3-9474-1A3956D46DE8}") = "task5", "task5", "{2B8F0C96-8E3B-4F77-A593-423DA34D6613}"
EndProject
Project("{2150E333-8FDC-42A3-9474-1A3956D46DE8}") = "task6", "task6", "{AE6FBB04-F8BE-41AF-A824-8798BD7C8519}"
EndProject
Project("{2150E333-8FDC-42A3-9474-1A3956D46DE8}") = "task7", "task7", "{410DABC6-0888-4D00-A24A-5D0CA8168391}"
EndProject
Project("{FAE04EC0-301F-11D3-BF4B-00C04F79EFBC}") = "Tyuiu.ZamyakinaOA.Sprint3.Task0.V13", "Tyuiu.ZamyakinaOA.Sprint3.Task0.V13\Tyuiu.ZamyakinaOA.Sprint3.Task0.V13.csproj", "{D83B82C0-0CFF-4312-BA79-A9A6CF0E11BB}"
EndProject
Project("{FAE04EC0-301F-11D3-BF4B-00C04F79EFBC}") = "Tyuiu.ZamyakinaOA.Sprint3.Task0.V13.Lib", "Tyuiu.ZamyakinaOA.Sprint3.Task0.V13.Lib\Tyuiu.ZamyakinaOA.Sprint3.Task0.V13.Lib.csproj", "{5BE84646-844B-4BF3-AAA6-8A45CD4F6E10}"
EndProject
Project("{FAE04EC0-301F-11D3-BF4B-00C04F79EFBC}") = "Tyuiu.ZamyakinaOA.Sprint3.Task0.V13.Test", "Tyuiu.ZamyakinaOA.Sprint3.Task0.V13.Test\Tyuiu.ZamyakinaOA.Sprint3.Task0.V13.Test.csproj", "{EE735EC5-25EC-40E8-BC7B-946EE9046935}"
EndProject
Project("{FAE04EC0-301F-11D3-BF4B-00C04F79EFBC}") = "Tyuiu.ZamyakinaOA.Sprint3.Task1.V15", "Tyuiu.ZamyakinaOA.Sprint3.Task1.V15\Tyuiu.ZamyakinaOA.Sprint3.Task1.V15.csproj", "{1076C97B-15E0-4B08-8FF8-EF2260517D86}"
EndProject
Project("{FAE04EC0-301F-11D3-BF4B-00C04F79EFBC}") = "Tyuiu.ZamyakinaOA.Sprint3.Task1.V15.Lib", "Tyuiu.ZamyakinaOA.Sprint3.Task1.V15.Lib\Tyuiu.ZamyakinaOA.Sprint3.Task1.V15.Lib.csproj", "{8041ED56-D9A6-46A4-9491-8115CC59A204}"
EndProject
Project("{FAE04EC0-301F-11D3-BF4B-00C04F79EFBC}") = "Tyuiu.ZamyakinaOA.Sprint3.Task1.V15.Test", "Tyuiu.ZamyakinaOA.Sprint3.Task1.V15.Test\Tyuiu.ZamyakinaOA.Sprint3.Task1.V15.Test.csproj", "{EA0661F5-EB15-4403-895B-931ED3A2BA58}"
EndProject
Project("{FAE04EC0-301F-11D3-BF4B-00C04F79EFBC}") = "Tyuiu.ZamyakinaOA.Sprint3.Task2.V18", "Tyuiu.ZamyakinaOA.Sprint3.Task2.V18\Tyuiu.ZamyakinaOA.Sprint3.Task2.V18.csproj", "{FFBD43E3-AE29-4117-8AEE-08655A1903EE}"
EndProject
Project("{FAE04EC0-301F-11D3-BF4B-00C04F79EFBC}") = "Tyuiu.ZamyakinaOA.Sprint3.Task2.V18.Lib", "Tyuiu.ZamyakinaOA.Sprint3.Task2.V18.Lib\Tyuiu.ZamyakinaOA.Sprint3.Task2.V18.Lib.csproj", "{DCF5ACC6-3BEA-4A41-ACE0-8015658EBD06}"
EndProject
Project("{FAE04EC0-301F-11D3-BF4B-00C04F79EFBC}") = "Tyuiu.ZamyakinaOA.Sprint3.Task2.V18.Test", "Tyuiu.ZamyakinaOA.Sprint3.Task2.V18.Test\Tyuiu.ZamyakinaOA.Sprint3.Task2.V18.Test.csproj", "{2DE7402C-5694-4241-80D1-551AAFC1B9C2}"
EndProject
Project("{FAE04EC0-301F-11D3-BF4B-00C04F79EFBC}") = "Tyuiu.ZamyakinaOA.Sprint3.Task3.V20", "Tyuiu.ZamyakinaOA.Sprint3.Task3.V20\Tyuiu.ZamyakinaOA.Sprint3.Task3.V20.csproj", "{EE698EDD-3D63-490A-9E6D-09368FD43AA9}"
EndProject
Project("{FAE04EC0-301F-11D3-BF4B-00C04F79EFBC}") = "Tyuiu.ZamyakinaOA.Sprint3.Task3.V20.Lib", "Tyuiu.ZamyakinaOA.Sprint3.Task3.V20.Lib\Tyuiu.ZamyakinaOA.Sprint3.Task3.V20.Lib.csproj", "{06E2936A-4F69-4905-8DD8-A8A655242951}"
EndProject
Project("{FAE04EC0-301F-11D3-BF4B-00C04F79EFBC}") = "Tyuiu.ZamyakinaOA.Sprint3.Task3.V20.Test", "Tyuiu.ZamyakinaOA.Sprint3.Task3.V20.Test\Tyuiu.ZamyakinaOA.Sprint3.Task3.V20.Test.csproj", "{0B76C246-2DD8-441B-8EEE-417CE4146B79}"
EndProject
Global
	GlobalSection(SolutionConfigurationPlatforms) = preSolution
		Debug|Any CPU = Debug|Any CPU
		Release|Any CPU = Release|Any CPU
	EndGlobalSection
	GlobalSection(ProjectConfigurationPlatforms) = postSolution
		{D83B82C0-0CFF-4312-BA79-A9A6CF0E11BB}.Debug|Any CPU.ActiveCfg = Debug|Any CPU
		{D83B82C0-0CFF-4312-BA79-A9A6CF0E11BB}.Debug|Any CPU.Build.0 = Debug|Any CPU
		{D83B82C0-0CFF-4312-BA79-A9A6CF0E11BB}.Release|Any CPU.ActiveCfg = Release|Any CPU
		{D83B82C0-0CFF-4312-BA79-A9A6CF0E11BB}.Release|Any CPU.Build.0 = Release|Any CPU
		{5BE84646-844B-4BF3-AAA6-8A45CD4F6E10}.Debug|Any CPU.ActiveCfg = Debug|Any CPU
		{5BE84646-844B-4BF3-AAA6-8A45CD4F6E10}.Debug|Any CPU.Build.0 = Debug|Any CPU
		{5BE84646-844B-4BF3-AAA6-8A45CD4F6E10}.Release|Any CPU.ActiveCfg = Release|Any CPU
		{5BE84646-844B-4BF3-AAA6-8A45CD4F6E10}.Release|Any CPU.Build.0 = Release|Any CPU
		{EE735EC5-25EC-40E8-BC7B-946EE9046935}.Debug|Any CPU.ActiveCfg = Debug|Any CPU
		{EE735EC5-25EC-40E8-BC7B-946EE9046935}.Debug|Any CPU.Build.0 = Debug|Any CPU
		{EE735EC5-25EC-40E8-BC7B-946EE9046935}.Release|Any CPU.ActiveCfg = Release|Any CPU
		{EE735EC5-25EC-40E8-BC7B-946EE9046935}.Release|Any CPU.Build.0 = Release|Any CPU
		{1076C97B-15E0-4B08-8FF8-EF2260517D86}.Debug|Any CPU.ActiveCfg = Debug|Any CPU
		{1076C97B-15E0-4B08-8FF8-EF2260517D86}.Debug|Any CPU.Build.0 = Debug|Any CPU
		{1076C97B-15E0-4B08-8FF8-EF2260517D86}.Release|Any CPU.ActiveCfg = Release|Any CPU
		{1076C97B-15E0-4B08-8FF8-EF2260517D86}.Release|Any CPU.Build.0 = Release|Any CPU
		{8041ED56-D9A6-46A4-9491-8115CC59A204}.Debug|Any CPU.ActiveCfg = Debug|Any CPU
		{8041ED56-D9A6-46A4-9491-8115CC59A204}.Debug|Any CPU.Build.0 = Debug|Any CPU
		{8041ED56-D9A6-46A4-9491-8115CC59A204}.Release|Any CPU.ActiveCfg = Release|Any CPU
		{8041ED56-D9A6-46A4-9491-8115CC59A204}.Release|Any CPU.Build.0 = Release|Any CPU
		{EA0661F5-EB15-4403-895B-931ED3A2BA58}.Debug|Any CPU.ActiveCfg = Debug|Any CPU
		{EA0661F5-EB15-4403-895B-931ED3A2BA58}.Debug|Any CPU.Build.0 = Debug|Any CPU
		{EA0661F5-EB15-4403-895B-931ED3A2BA58}.Release|Any CPU.ActiveCfg = Release|Any CPU
		{EA0661F5-EB15-4403-895B-931ED3A2BA58}.Release|Any CPU.Build.0 = Release|Any CPU
		{FFBD43E3-AE29-4117-8AEE-08655A1903EE}.Debug|Any CPU.ActiveCfg = Debug|Any CPU
		{FFBD43E3-AE29-4117-8AEE-08655A1903EE}.Debug|Any CPU.Build.0 = Debug|Any CPU
		{FFBD43E3-AE29-4117-8AEE-08655A1903EE}.Release|Any CPU.ActiveCfg = Release|Any CPU
		{FFBD43E3-AE29-4117-8AEE-08655A1903EE}.Release|Any CPU.Build.0 = Release|Any CPU
		{DCF5ACC6-3BEA-4A41-ACE0-8015658EBD06}.Debug|Any CPU.ActiveCfg = Debug|Any CPU
		{DCF5ACC6-3BEA-4A41-ACE0-8015658EBD06}.Debug|Any CPU.Build.0 = Debug|Any CPU
		{DCF5ACC6-3BEA-4A41-ACE0-8015658EBD06}.Release|Any CPU.ActiveCfg = Release|Any CPU
		{DCF5ACC6-3BEA-4A41-ACE0-8015658EBD06}.Release|Any CPU.Build.0 = Release|Any CPU
		{2DE7402C-5694-4241-80D1-551AAFC1B9C2}.Debug|Any CPU.ActiveCfg = Debug|Any CPU
		{2DE7402C-5694-4241-80D1-551AAFC1B9C2}.Debug|Any CPU.Build.0 = Debug|Any CPU
		{2DE7402C-5694-4241-80D1-551AAFC1B9C2}.Release|Any CPU.ActiveCfg = Release|Any CPU
		{2DE7402C-5694-4241-80D1-551AAFC1B9C2}.Release|Any CPU.Build.0 = Release|Any CPU
		{EE698EDD-3D63-490A-9E6D-09368FD43AA9}.Debug|Any CPU.ActiveCfg = Debug|Any CPU
		{EE698EDD-3D63-490A-9E6D-09368FD43AA9}.Debug|Any CPU.Build.0 = Debug|Any CPU
		{EE698EDD-3D63-490A-9E6D-09368FD43AA9}.Release|Any CPU.ActiveCfg = Release|Any CPU
		{EE698EDD-3D63-490A-9E6D-09368FD43AA9}.Release|Any CPU.Build.0 = Release|Any CPU
		{06E2936A-4F69-4905-8DD8-A8A655242951}.Debug|Any CPU.ActiveCfg = Debug|Any CPU
		{06E2936A-4F69-4905-8DD8-A8A655242951}.Debug|Any CPU.Build.0 = Debug|Any CPU
		{06E2936A-4F69-4905-8DD8-A8A655242951}.Release|Any CPU.ActiveCfg = Release|Any CPU
		{06E2936A-4F69-4905-8DD8-A8A655242951}.Release|Any CPU.Build.0 = Release|Any CPU
		{0B76C246-2DD8-441B-8EEE-417CE4146B79}.Debug|Any CPU.ActiveCfg = Debug|Any CPU
		{0B76C246-2DD8-441B-8EEE-417CE4146B79}.Debug|Any CPU.Build.0 = Debug|Any CPU
		{0B76C246-2DD8-441B-8EEE-417CE4146B79}.Release|Any CPU.ActiveCfg = Release|Any CPU
		{0B76C246-2DD8-441B-8EEE-417CE4146B79}.Release|Any CPU.Build.0 = Release|Any CPU
	EndGlobalSection
	GlobalSection(SolutionProperties) = preSolution
		HideSolutionNode = FALSE
	EndGlobalSection
	GlobalSection(NestedProjects) = preSolution
		{D83B82C0-0CFF-4312-BA79-A9A6CF0E11BB} = {02EA681E-C7D8-13C7-8484-4AC65E1B71E8}
		{5BE84646-844B-4BF3-AAA6-8A45CD4F6E10} = {02EA681E-C7D8-13C7-8484-4AC65E1B71E8}
		{EE735EC5-25EC-40E8-BC7B-946EE9046935} = {02EA681E-C7D8-13C7-8484-4AC65E1B71E8}
		{1076C97B-15E0-4B08-8FF8-EF2260517D86} = {10BE334C-3DC0-4526-869B-A9197004C146}
		{8041ED56-D9A6-46A4-9491-8115CC59A204} = {10BE334C-3DC0-4526-869B-A9197004C146}
		{EA0661F5-EB15-4403-895B-931ED3A2BA58} = {10BE334C-3DC0-4526-869B-A9197004C146}
		{FFBD43E3-AE29-4117-8AEE-08655A1903EE} = {9D208C30-E03F-4C63-8159-A3AB5B94CCB0}
		{DCF5ACC6-3BEA-4A41-ACE0-8015658EBD06} = {9D208C30-E03F-4C63-8159-A3AB5B94CCB0}
		{2DE7402C-5694-4241-80D1-551AAFC1B9C2} = {9D208C30-E03F-4C63-8159-A3AB5B94CCB0}
		{EE698EDD-3D63-490A-9E6D-09368FD43AA9} = {B07F3CE3-5CB6-43F6-A325-BAF3E89A08AF}
		{06E2936A-4F69-4905-8DD8-A8A655242951} = {B07F3CE3-5CB6-43F6-A325-BAF3E89A08AF}
		{0B76C246-2DD8-441B-8EEE-417CE4146B79} = {B07F3CE3-5CB6-43F6-A325-BAF3E89A08AF}
	EndGlobalSection
	GlobalSection(ExtensibilityGlobals) = postSolution
		SolutionGuid = {18887962-A2D6-430F-A41F-30E839EB92CA}
	EndGlobalSection
EndGlobal
